
Microsoft Visual Studio Solution File, Format Version 12.00
# Visual Studio Version 17
VisualStudioVersion = 17.12.35707.178
MinimumVisualStudioVersion = 10.0.40219.1
Project("{FAE04EC0-301F-11D3-BF4B-00C04F79EFBC}") = "KIOS_HIS", "KIOS_HIS\KIOS_HIS.csproj", "{002941AF-E119-4F12-88A5-C3EF5F099F65}"
EndProject
Project("{FAE04EC0-301F-11D3-BF4B-00C04F79EFBC}") = "Common", "..\Common\Common.csproj", "{F02711D5-971C-429A-8D29-C777BDC3EB56}"
	ProjectSection(ProjectDependencies) = postProject
		{002941AF-E119-4F12-88A5-C3EF5F099F65} = {002941AF-E119-4F12-88A5-C3EF5F099F65}
	EndProjectSection
EndProject
Global
	GlobalSection(SolutionConfigurationPlatforms) = preSolution
		Debug|Any CPU = Debug|Any CPU
		Release|Any CPU = Release|Any CPU
	EndGlobalSection
	GlobalSection(ProjectConfigurationPlatforms) = postSolution
		{002941AF-E119-4F12-88A5-C3EF5F099F65}.Debug|Any CPU.ActiveCfg = Debug|Any CPU
		{002941AF-E119-4F12-88A5-C3EF5F099F65}.Debug|Any CPU.Build.0 = Debug|Any CPU
		{002941AF-E119-4F12-88A5-C3EF5F099F65}.Release|Any CPU.ActiveCfg = Release|Any CPU
		{002941AF-E119-4F12-88A5-C3EF5F099F65}.Release|Any CPU.Build.0 = Release|Any CPU
		{F02711D5-971C-429A-8D29-C777BDC3EB56}.Debug|Any CPU.ActiveCfg = Debug|Any CPU
		{F02711D5-971C-429A-8D29-C777BDC3EB56}.Debug|Any CPU.Build.0 = Debug|Any CPU
		{F02711D5-971C-429A-8D29-C777BDC3EB56}.Release|Any CPU.ActiveCfg = Release|Any CPU
		{F02711D5-971C-429A-8D29-C777BDC3EB56}.Release|Any CPU.Build.0 = Release|Any CPU
	EndGlobalSection
	GlobalSection(SolutionProperties) = preSolution
		HideSolutionNode = FALSE
	EndGlobalSection
EndGlobal
